
Microsoft Visual Studio Solution File, Format Version 12.00
# Visual Studio Version 16
VisualStudioVersion = 16.0.30104.148
MinimumVisualStudioVersion = 10.0.40219.1
Project("{FAE04EC0-301F-11D3-BF4B-00C04F79EFBC}") = "KEA.VAggregator.UWP", "KEA.VAggregator\KEA.VAggregator.UWP\KEA.VAggregator.UWP.csproj", "{7EC746A6-76EC-4B73-AA98-2EBDDB45AD6C}"
EndProject
Project("{FAE04EC0-301F-11D3-BF4B-00C04F79EFBC}") = "KEA.VAggregator.Android", "KEA.VAggregator\KEA.VAggregator.Android\KEA.VAggregator.Android.csproj", "{40530EA7-14BE-4D00-B6E0-0BD1EF05D05A}"
EndProject
Project("{FAE04EC0-301F-11D3-BF4B-00C04F79EFBC}") = "KEA.VAggregator.iOS", "KEA.VAggregator\KEA.VAggregator.iOS\KEA.VAggregator.iOS.csproj", "{C7E6D49D-60CE-4CAA-B0B6-048F200572A3}"
EndProject
Project("{FAE04EC0-301F-11D3-BF4B-00C04F79EFBC}") = "KEA.VAggregator", "KEA.VAggregator\KEA.VAggregator\KEA.VAggregator.csproj", "{DBC5E010-52B2-458B-9C70-738A36FF6817}"
EndProject
Project("{FAE04EC0-301F-11D3-BF4B-00C04F79EFBC}") = "KEA.VAggregator.StdLib", "KEA.VAggregator.StdLib\KEA.VAggregator.StdLib.csproj", "{41B5B8F7-26F6-422C-A33D-0D02009EB309}"
EndProject
Project("{FAE04EC0-301F-11D3-BF4B-00C04F79EFBC}") = "KEA.VAggregator.WPF", "KEA.VAggregator.WPF\KEA.VAggregator.WPF.csproj", "{34A0826F-BD23-48D8-BB09-EF22CF4D705A}"
EndProject
Global
	GlobalSection(SolutionConfigurationPlatforms) = preSolution
		Debug|Any CPU = Debug|Any CPU
		Debug|ARM = Debug|ARM
		Debug|iPhone = Debug|iPhone
		Debug|iPhoneSimulator = Debug|iPhoneSimulator
		Debug|x64 = Debug|x64
		Debug|x86 = Debug|x86
		Release|Any CPU = Release|Any CPU
		Release|ARM = Release|ARM
		Release|iPhone = Release|iPhone
		Release|iPhoneSimulator = Release|iPhoneSimulator
		Release|x64 = Release|x64
		Release|x86 = Release|x86
	EndGlobalSection
	GlobalSection(ProjectConfigurationPlatforms) = postSolution
		{7EC746A6-76EC-4B73-AA98-2EBDDB45AD6C}.Debug|Any CPU.ActiveCfg = Debug|x86
		{7EC746A6-76EC-4B73-AA98-2EBDDB45AD6C}.Debug|Any CPU.Build.0 = Debug|x86
		{7EC746A6-76EC-4B73-AA98-2EBDDB45AD6C}.Debug|Any CPU.Deploy.0 = Debug|x86
		{7EC746A6-76EC-4B73-AA98-2EBDDB45AD6C}.Debug|ARM.ActiveCfg = Debug|ARM
		{7EC746A6-76EC-4B73-AA98-2EBDDB45AD6C}.Debug|ARM.Build.0 = Debug|ARM
		{7EC746A6-76EC-4B73-AA98-2EBDDB45AD6C}.Debug|ARM.Deploy.0 = Debug|ARM
		{7EC746A6-76EC-4B73-AA98-2EBDDB45AD6C}.Debug|iPhone.ActiveCfg = Debug|x86
		{7EC746A6-76EC-4B73-AA98-2EBDDB45AD6C}.Debug|iPhone.Build.0 = Debug|x86
		{7EC746A6-76EC-4B73-AA98-2EBDDB45AD6C}.Debug|iPhone.Deploy.0 = Debug|x86
		{7EC746A6-76EC-4B73-AA98-2EBDDB45AD6C}.Debug|iPhoneSimulator.ActiveCfg = Debug|x86
		{7EC746A6-76EC-4B73-AA98-2EBDDB45AD6C}.Debug|iPhoneSimulator.Build.0 = Debug|x86
		{7EC746A6-76EC-4B73-AA98-2EBDDB45AD6C}.Debug|iPhoneSimulator.Deploy.0 = Debug|x86
		{7EC746A6-76EC-4B73-AA98-2EBDDB45AD6C}.Debug|x64.ActiveCfg = Debug|x64
		{7EC746A6-76EC-4B73-AA98-2EBDDB45AD6C}.Debug|x64.Build.0 = Debug|x64
		{7EC746A6-76EC-4B73-AA98-2EBDDB45AD6C}.Debug|x64.Deploy.0 = Debug|x64
		{7EC746A6-76EC-4B73-AA98-2EBDDB45AD6C}.Debug|x86.ActiveCfg = Debug|x86
		{7EC746A6-76EC-4B73-AA98-2EBDDB45AD6C}.Debug|x86.Build.0 = Debug|x86
		{7EC746A6-76EC-4B73-AA98-2EBDDB45AD6C}.Debug|x86.Deploy.0 = Debug|x86
		{7EC746A6-76EC-4B73-AA98-2EBDDB45AD6C}.Release|Any CPU.ActiveCfg = Release|x86
		{7EC746A6-76EC-4B73-AA98-2EBDDB45AD6C}.Release|Any CPU.Build.0 = Release|x86
		{7EC746A6-76EC-4B73-AA98-2EBDDB45AD6C}.Release|Any CPU.Deploy.0 = Release|x86
		{7EC746A6-76EC-4B73-AA98-2EBDDB45AD6C}.Release|ARM.ActiveCfg = Release|ARM
		{7EC746A6-76EC-4B73-AA98-2EBDDB45AD6C}.Release|ARM.Build.0 = Release|ARM
		{7EC746A6-76EC-4B73-AA98-2EBDDB45AD6C}.Release|ARM.Deploy.0 = Release|ARM
		{7EC746A6-76EC-4B73-AA98-2EBDDB45AD6C}.Release|iPhone.ActiveCfg = Release|x86
		{7EC746A6-76EC-4B73-AA98-2EBDDB45AD6C}.Release|iPhone.Build.0 = Release|x86
		{7EC746A6-76EC-4B73-AA98-2EBDDB45AD6C}.Release|iPhone.Deploy.0 = Release|x86
		{7EC746A6-76EC-4B73-AA98-2EBDDB45AD6C}.Release|iPhoneSimulator.ActiveCfg = Release|x86
		{7EC746A6-76EC-4B73-AA98-2EBDDB45AD6C}.Release|iPhoneSimulator.Build.0 = Release|x86
		{7EC746A6-76EC-4B73-AA98-2EBDDB45AD6C}.Release|iPhoneSimulator.Deploy.0 = Release|x86
		{7EC746A6-76EC-4B73-AA98-2EBDDB45AD6C}.Release|x64.ActiveCfg = Release|x64
		{7EC746A6-76EC-4B73-AA98-2EBDDB45AD6C}.Release|x64.Build.0 = Release|x64
		{7EC746A6-76EC-4B73-AA98-2EBDDB45AD6C}.Release|x64.Deploy.0 = Release|x64
		{7EC746A6-76EC-4B73-AA98-2EBDDB45AD6C}.Release|x86.ActiveCfg = Release|x86
		{7EC746A6-76EC-4B73-AA98-2EBDDB45AD6C}.Release|x86.Build.0 = Release|x86
		{7EC746A6-76EC-4B73-AA98-2EBDDB45AD6C}.Release|x86.Deploy.0 = Release|x86
		{40530EA7-14BE-4D00-B6E0-0BD1EF05D05A}.Debug|Any CPU.ActiveCfg = Debug|Any CPU
		{40530EA7-14BE-4D00-B6E0-0BD1EF05D05A}.Debug|Any CPU.Build.0 = Debug|Any CPU
		{40530EA7-14BE-4D00-B6E0-0BD1EF05D05A}.Debug|Any CPU.Deploy.0 = Debug|Any CPU
		{40530EA7-14BE-4D00-B6E0-0BD1EF05D05A}.Debug|ARM.ActiveCfg = Debug|Any CPU
		{40530EA7-14BE-4D00-B6E0-0BD1EF05D05A}.Debug|ARM.Build.0 = Debug|Any CPU
		{40530EA7-14BE-4D00-B6E0-0BD1EF05D05A}.Debug|ARM.Deploy.0 = Debug|Any CPU
		{40530EA7-14BE-4D00-B6E0-0BD1EF05D05A}.Debug|iPhone.ActiveCfg = Debug|Any CPU
		{40530EA7-14BE-4D00-B6E0-0BD1EF05D05A}.Debug|iPhone.Build.0 = Debug|Any CPU
		{40530EA7-14BE-4D00-B6E0-0BD1EF05D05A}.Debug|iPhone.Deploy.0 = Debug|Any CPU
		{40530EA7-14BE-4D00-B6E0-0BD1EF05D05A}.Debug|iPhoneSimulator.ActiveCfg = Debug|Any CPU
		{40530EA7-14BE-4D00-B6E0-0BD1EF05D05A}.Debug|iPhoneSimulator.Build.0 = Debug|Any CPU
		{40530EA7-14BE-4D00-B6E0-0BD1EF05D05A}.Debug|iPhoneSimulator.Deploy.0 = Debug|Any CPU
		{40530EA7-14BE-4D00-B6E0-0BD1EF05D05A}.Debug|x64.ActiveCfg = Debug|Any CPU
		{40530EA7-14BE-4D00-B6E0-0BD1EF05D05A}.Debug|x64.Build.0 = Debug|Any CPU
		{40530EA7-14BE-4D00-B6E0-0BD1EF05D05A}.Debug|x64.Deploy.0 = Debug|Any CPU
		{40530EA7-14BE-4D00-B6E0-0BD1EF05D05A}.Debug|x86.ActiveCfg = Debug|Any CPU
		{40530EA7-14BE-4D00-B6E0-0BD1EF05D05A}.Debug|x86.Build.0 = Debug|Any CPU
		{40530EA7-14BE-4D00-B6E0-0BD1EF05D05A}.Debug|x86.Deploy.0 = Debug|Any CPU
		{40530EA7-14BE-4D00-B6E0-0BD1EF05D05A}.Release|Any CPU.ActiveCfg = Release|Any CPU
		{40530EA7-14BE-4D00-B6E0-0BD1EF05D05A}.Release|Any CPU.Build.0 = Release|Any CPU
		{40530EA7-14BE-4D00-B6E0-0BD1EF05D05A}.Release|Any CPU.Deploy.0 = Release|Any CPU
		{40530EA7-14BE-4D00-B6E0-0BD1EF05D05A}.Release|ARM.ActiveCfg = Release|Any CPU
		{40530EA7-14BE-4D00-B6E0-0BD1EF05D05A}.Release|ARM.Build.0 = Release|Any CPU
		{40530EA7-14BE-4D00-B6E0-0BD1EF05D05A}.Release|ARM.Deploy.0 = Release|Any CPU
		{40530EA7-14BE-4D00-B6E0-0BD1EF05D05A}.Release|iPhone.ActiveCfg = Release|Any CPU
		{40530EA7-14BE-4D00-B6E0-0BD1EF05D05A}.Release|iPhone.Build.0 = Release|Any CPU
		{40530EA7-14BE-4D00-B6E0-0BD1EF05D05A}.Release|iPhone.Deploy.0 = Release|Any CPU
		{40530EA7-14BE-4D00-B6E0-0BD1EF05D05A}.Release|iPhoneSimulator.ActiveCfg = Release|Any CPU
		{40530EA7-14BE-4D00-B6E0-0BD1EF05D05A}.Release|iPhoneSimulator.Build.0 = Release|Any CPU
		{40530EA7-14BE-4D00-B6E0-0BD1EF05D05A}.Release|iPhoneSimulator.Deploy.0 = Release|Any CPU
		{40530EA7-14BE-4D00-B6E0-0BD1EF05D05A}.Release|x64.ActiveCfg = Release|Any CPU
		{40530EA7-14BE-4D00-B6E0-0BD1EF05D05A}.Release|x64.Build.0 = Release|Any CPU
		{40530EA7-14BE-4D00-B6E0-0BD1EF05D05A}.Release|x64.Deploy.0 = Release|Any CPU
		{40530EA7-14BE-4D00-B6E0-0BD1EF05D05A}.Release|x86.ActiveCfg = Release|Any CPU
		{40530EA7-14BE-4D00-B6E0-0BD1EF05D05A}.Release|x86.Build.0 = Release|Any CPU
		{40530EA7-14BE-4D00-B6E0-0BD1EF05D05A}.Release|x86.Deploy.0 = Release|Any CPU
		{C7E6D49D-60CE-4CAA-B0B6-048F200572A3}.Debug|Any CPU.ActiveCfg = Debug|iPhone
		{C7E6D49D-60CE-4CAA-B0B6-048F200572A3}.Debug|Any CPU.Build.0 = Debug|iPhone
		{C7E6D49D-60CE-4CAA-B0B6-048F200572A3}.Debug|Any CPU.Deploy.0 = Debug|iPhone
		{C7E6D49D-60CE-4CAA-B0B6-048F200572A3}.Debug|ARM.ActiveCfg = Debug|iPhone
		{C7E6D49D-60CE-4CAA-B0B6-048F200572A3}.Debug|ARM.Build.0 = Debug|iPhone
		{C7E6D49D-60CE-4CAA-B0B6-048F200572A3}.Debug|ARM.Deploy.0 = Debug|iPhone
		{C7E6D49D-60CE-4CAA-B0B6-048F200572A3}.Debug|iPhone.ActiveCfg = Debug|iPhone
		{C7E6D49D-60CE-4CAA-B0B6-048F200572A3}.Debug|iPhone.Build.0 = Debug|iPhone
		{C7E6D49D-60CE-4CAA-B0B6-048F200572A3}.Debug|iPhone.Deploy.0 = Debug|iPhone
		{C7E6D49D-60CE-4CAA-B0B6-048F200572A3}.Debug|iPhoneSimulator.ActiveCfg = Debug|iPhoneSimulator
		{C7E6D49D-60CE-4CAA-B0B6-048F200572A3}.Debug|iPhoneSimulator.Build.0 = Debug|iPhoneSimulator
		{C7E6D49D-60CE-4CAA-B0B6-048F200572A3}.Debug|iPhoneSimulator.Deploy.0 = Debug|iPhoneSimulator
		{C7E6D49D-60CE-4CAA-B0B6-048F200572A3}.Debug|x64.ActiveCfg = Debug|iPhone
		{C7E6D49D-60CE-4CAA-B0B6-048F200572A3}.Debug|x64.Build.0 = Debug|iPhone
		{C7E6D49D-60CE-4CAA-B0B6-048F200572A3}.Debug|x64.Deploy.0 = Debug|iPhone
		{C7E6D49D-60CE-4CAA-B0B6-048F200572A3}.Debug|x86.ActiveCfg = Debug|iPhone
		{C7E6D49D-60CE-4CAA-B0B6-048F200572A3}.Debug|x86.Build.0 = Debug|iPhone
		{C7E6D49D-60CE-4CAA-B0B6-048F200572A3}.Debug|x86.Deploy.0 = Debug|iPhone
		{C7E6D49D-60CE-4CAA-B0B6-048F200572A3}.Release|Any CPU.ActiveCfg = Release|iPhone
		{C7E6D49D-60CE-4CAA-B0B6-048F200572A3}.Release|Any CPU.Build.0 = Release|iPhone
		{C7E6D49D-60CE-4CAA-B0B6-048F200572A3}.Release|Any CPU.Deploy.0 = Release|iPhone
		{C7E6D49D-60CE-4CAA-B0B6-048F200572A3}.Release|ARM.ActiveCfg = Release|iPhone
		{C7E6D49D-60CE-4CAA-B0B6-048F200572A3}.Release|ARM.Build.0 = Release|iPhone
		{C7E6D49D-60CE-4CAA-B0B6-048F200572A3}.Release|ARM.Deploy.0 = Release|iPhone
		{C7E6D49D-60CE-4CAA-B0B6-048F200572A3}.Release|iPhone.ActiveCfg = Release|iPhone
		{C7E6D49D-60CE-4CAA-B0B6-048F200572A3}.Release|iPhone.Build.0 = Release|iPhone
		{C7E6D49D-60CE-4CAA-B0B6-048F200572A3}.Release|iPhone.Deploy.0 = Release|iPhone
		{C7E6D49D-60CE-4CAA-B0B6-048F200572A3}.Release|iPhoneSimulator.ActiveCfg = Release|iPhoneSimulator
		{C7E6D49D-60CE-4CAA-B0B6-048F200572A3}.Release|iPhoneSimulator.Build.0 = Release|iPhoneSimulator
		{C7E6D49D-60CE-4CAA-B0B6-048F200572A3}.Release|iPhoneSimulator.Deploy.0 = Release|iPhoneSimulator
		{C7E6D49D-60CE-4CAA-B0B6-048F200572A3}.Release|x64.ActiveCfg = Release|iPhone
		{C7E6D49D-60CE-4CAA-B0B6-048F200572A3}.Release|x64.Build.0 = Release|iPhone
		{C7E6D49D-60CE-4CAA-B0B6-048F200572A3}.Release|x64.Deploy.0 = Release|iPhone
		{C7E6D49D-60CE-4CAA-B0B6-048F200572A3}.Release|x86.ActiveCfg = Release|iPhone
		{C7E6D49D-60CE-4CAA-B0B6-048F200572A3}.Release|x86.Build.0 = Release|iPhone
		{C7E6D49D-60CE-4CAA-B0B6-048F200572A3}.Release|x86.Deploy.0 = Release|iPhone
		{DBC5E010-52B2-458B-9C70-738A36FF6817}.Debug|Any CPU.ActiveCfg = Debug|Any CPU
		{DBC5E010-52B2-458B-9C70-738A36FF6817}.Debug|Any CPU.Build.0 = Debug|Any CPU
		{DBC5E010-52B2-458B-9C70-738A36FF6817}.Debug|Any CPU.Deploy.0 = Debug|Any CPU
		{DBC5E010-52B2-458B-9C70-738A36FF6817}.Debug|ARM.ActiveCfg = Debug|Any CPU
		{DBC5E010-52B2-458B-9C70-738A36FF6817}.Debug|ARM.Build.0 = Debug|Any CPU
		{DBC5E010-52B2-458B-9C70-738A36FF6817}.Debug|ARM.Deploy.0 = Debug|Any CPU
		{DBC5E010-52B2-458B-9C70-738A36FF6817}.Debug|iPhone.ActiveCfg = Debug|Any CPU
		{DBC5E010-52B2-458B-9C70-738A36FF6817}.Debug|iPhone.Build.0 = Debug|Any CPU
		{DBC5E010-52B2-458B-9C70-738A36FF6817}.Debug|iPhone.Deploy.0 = Debug|Any CPU
		{DBC5E010-52B2-458B-9C70-738A36FF6817}.Debug|iPhoneSimulator.ActiveCfg = Debug|Any CPU
		{DBC5E010-52B2-458B-9C70-738A36FF6817}.Debug|iPhoneSimulator.Build.0 = Debug|Any CPU
		{DBC5E010-52B2-458B-9C70-738A36FF6817}.Debug|iPhoneSimulator.Deploy.0 = Debug|Any CPU
		{DBC5E010-52B2-458B-9C70-738A36FF6817}.Debug|x64.ActiveCfg = Debug|Any CPU
		{DBC5E010-52B2-458B-9C70-738A36FF6817}.Debug|x64.Build.0 = Debug|Any CPU
		{DBC5E010-52B2-458B-9C70-738A36FF6817}.Debug|x64.Deploy.0 = Debug|Any CPU
		{DBC5E010-52B2-458B-9C70-738A36FF6817}.Debug|x86.ActiveCfg = Debug|Any CPU
		{DBC5E010-52B2-458B-9C70-738A36FF6817}.Debug|x86.Build.0 = Debug|Any CPU
		{DBC5E010-52B2-458B-9C70-738A36FF6817}.Debug|x86.Deploy.0 = Debug|Any CPU
		{DBC5E010-52B2-458B-9C70-738A36FF6817}.Release|Any CPU.ActiveCfg = Release|Any CPU
		{DBC5E010-52B2-458B-9C70-738A36FF6817}.Release|Any CPU.Build.0 = Release|Any CPU
		{DBC5E010-52B2-458B-9C70-738A36FF6817}.Release|Any CPU.Deploy.0 = Release|Any CPU
		{DBC5E010-52B2-458B-9C70-738A36FF6817}.Release|ARM.ActiveCfg = Release|Any CPU
		{DBC5E010-52B2-458B-9C70-738A36FF6817}.Release|ARM.Build.0 = Release|Any CPU
		{DBC5E010-52B2-458B-9C70-738A36FF6817}.Release|ARM.Deploy.0 = Release|Any CPU
		{DBC5E010-52B2-458B-9C70-738A36FF6817}.Release|iPhone.ActiveCfg = Release|Any CPU
		{DBC5E010-52B2-458B-9C70-738A36FF6817}.Release|iPhone.Build.0 = Release|Any CPU
		{DBC5E010-52B2-458B-9C70-738A36FF6817}.Release|iPhone.Deploy.0 = Release|Any CPU
		{DBC5E010-52B2-458B-9C70-738A36FF6817}.Release|iPhoneSimulator.ActiveCfg = Release|Any CPU
		{DBC5E010-52B2-458B-9C70-738A36FF6817}.Release|iPhoneSimulator.Build.0 = Release|Any CPU
		{DBC5E010-52B2-458B-9C70-738A36FF6817}.Release|iPhoneSimulator.Deploy.0 = Release|Any CPU
		{DBC5E010-52B2-458B-9C70-738A36FF6817}.Release|x64.ActiveCfg = Release|Any CPU
		{DBC5E010-52B2-458B-9C70-738A36FF6817}.Release|x64.Build.0 = Release|Any CPU
		{DBC5E010-52B2-458B-9C70-738A36FF6817}.Release|x64.Deploy.0 = Release|Any CPU
		{DBC5E010-52B2-458B-9C70-738A36FF6817}.Release|x86.ActiveCfg = Release|Any CPU
		{DBC5E010-52B2-458B-9C70-738A36FF6817}.Release|x86.Build.0 = Release|Any CPU
		{DBC5E010-52B2-458B-9C70-738A36FF6817}.Release|x86.Deploy.0 = Release|Any CPU
		{41B5B8F7-26F6-422C-A33D-0D02009EB309}.Debug|Any CPU.ActiveCfg = Debug|Any CPU
		{41B5B8F7-26F6-422C-A33D-0D02009EB309}.Debug|Any CPU.Build.0 = Debug|Any CPU
		{41B5B8F7-26F6-422C-A33D-0D02009EB309}.Debug|ARM.ActiveCfg = Debug|Any CPU
		{41B5B8F7-26F6-422C-A33D-0D02009EB309}.Debug|ARM.Build.0 = Debug|Any CPU
		{41B5B8F7-26F6-422C-A33D-0D02009EB309}.Debug|iPhone.ActiveCfg = Debug|Any CPU
		{41B5B8F7-26F6-422C-A33D-0D02009EB309}.Debug|iPhone.Build.0 = Debug|Any CPU
		{41B5B8F7-26F6-422C-A33D-0D02009EB309}.Debug|iPhoneSimulator.ActiveCfg = Debug|Any CPU
		{41B5B8F7-26F6-422C-A33D-0D02009EB309}.Debug|iPhoneSimulator.Build.0 = Debug|Any CPU
		{41B5B8F7-26F6-422C-A33D-0D02009EB309}.Debug|x64.ActiveCfg = Debug|Any CPU
		{41B5B8F7-26F6-422C-A33D-0D02009EB309}.Debug|x64.Build.0 = Debug|Any CPU
		{41B5B8F7-26F6-422C-A33D-0D02009EB309}.Debug|x86.ActiveCfg = Debug|Any CPU
		{41B5B8F7-26F6-422C-A33D-0D02009EB309}.Debug|x86.Build.0 = Debug|Any CPU
		{41B5B8F7-26F6-422C-A33D-0D02009EB309}.Release|Any CPU.ActiveCfg = Release|Any CPU
		{41B5B8F7-26F6-422C-A33D-0D02009EB309}.Release|Any CPU.Build.0 = Release|Any CPU
		{41B5B8F7-26F6-422C-A33D-0D02009EB309}.Release|ARM.ActiveCfg = Release|Any CPU
		{41B5B8F7-26F6-422C-A33D-0D02009EB309}.Release|ARM.Build.0 = Release|Any CPU
		{41B5B8F7-26F6-422C-A33D-0D02009EB309}.Release|iPhone.ActiveCfg = Release|Any CPU
		{41B5B8F7-26F6-422C-A33D-0D02009EB309}.Release|iPhone.Build.0 = Release|Any CPU
		{41B5B8F7-26F6-422C-A33D-0D02009EB309}.Release|iPhoneSimulator.ActiveCfg = Release|Any CPU
		{41B5B8F7-26F6-422C-A33D-0D02009EB309}.Release|iPhoneSimulator.Build.0 = Release|Any CPU
		{41B5B8F7-26F6-422C-A33D-0D02009EB309}.Release|x64.ActiveCfg = Release|Any CPU
		{41B5B8F7-26F6-422C-A33D-0D02009EB309}.Release|x64.Build.0 = Release|Any CPU
		{41B5B8F7-26F6-422C-A33D-0D02009EB309}.Release|x86.ActiveCfg = Release|Any CPU
		{41B5B8F7-26F6-422C-A33D-0D02009EB309}.Release|x86.Build.0 = Release|Any CPU
		{34A0826F-BD23-48D8-BB09-EF22CF4D705A}.Debug|Any CPU.ActiveCfg = Debug|Any CPU
		{34A0826F-BD23-48D8-BB09-EF22CF4D705A}.Debug|Any CPU.Build.0 = Debug|Any CPU
		{34A0826F-BD23-48D8-BB09-EF22CF4D705A}.Debug|ARM.ActiveCfg = Debug|Any CPU
		{34A0826F-BD23-48D8-BB09-EF22CF4D705A}.Debug|ARM.Build.0 = Debug|Any CPU
		{34A0826F-BD23-48D8-BB09-EF22CF4D705A}.Debug|iPhone.ActiveCfg = Debug|Any CPU
		{34A0826F-BD23-48D8-BB09-EF22CF4D705A}.Debug|iPhone.Build.0 = Debug|Any CPU
		{34A0826F-BD23-48D8-BB09-EF22CF4D705A}.Debug|iPhoneSimulator.ActiveCfg = Debug|Any CPU
		{34A0826F-BD23-48D8-BB09-EF22CF4D705A}.Debug|iPhoneSimulator.Build.0 = Debug|Any CPU
		{34A0826F-BD23-48D8-BB09-EF22CF4D705A}.Debug|x64.ActiveCfg = Debug|Any CPU
		{34A0826F-BD23-48D8-BB09-EF22CF4D705A}.Debug|x64.Build.0 = Debug|Any CPU
		{34A0826F-BD23-48D8-BB09-EF22CF4D705A}.Debug|x86.ActiveCfg = Debug|Any CPU
		{34A0826F-BD23-48D8-BB09-EF22CF4D705A}.Debug|x86.Build.0 = Debug|Any CPU
		{34A0826F-BD23-48D8-BB09-EF22CF4D705A}.Release|Any CPU.ActiveCfg = Release|Any CPU
		{34A0826F-BD23-48D8-BB09-EF22CF4D705A}.Release|Any CPU.Build.0 = Release|Any CPU
		{34A0826F-BD23-48D8-BB09-EF22CF4D705A}.Release|ARM.ActiveCfg = Release|Any CPU
		{34A0826F-BD23-48D8-BB09-EF22CF4D705A}.Release|ARM.Build.0 = Release|Any CPU
		{34A0826F-BD23-48D8-BB09-EF22CF4D705A}.Release|iPhone.ActiveCfg = Release|Any CPU
		{34A0826F-BD23-48D8-BB09-EF22CF4D705A}.Release|iPhone.Build.0 = Release|Any CPU
		{34A0826F-BD23-48D8-BB09-EF22CF4D705A}.Release|iPhoneSimulator.ActiveCfg = Release|Any CPU
		{34A0826F-BD23-48D8-BB09-EF22CF4D705A}.Release|iPhoneSimulator.Build.0 = Release|Any CPU
		{34A0826F-BD23-48D8-BB09-EF22CF4D705A}.Release|x64.ActiveCfg = Release|Any CPU
		{34A0826F-BD23-48D8-BB09-EF22CF4D705A}.Release|x64.Build.0 = Release|Any CPU
		{34A0826F-BD23-48D8-BB09-EF22CF4D705A}.Release|x86.ActiveCfg = Release|Any CPU
		{34A0826F-BD23-48D8-BB09-EF22CF4D705A}.Release|x86.Build.0 = Release|Any CPU
	EndGlobalSection
	GlobalSection(SolutionProperties) = preSolution
		HideSolutionNode = FALSE
	EndGlobalSection
	GlobalSection(ExtensibilityGlobals) = postSolution
		SolutionGuid = {43011897-FF3E-4D80-8682-AA6A2492E4FB}
	EndGlobalSection
EndGlobal
